// !$*UTF8*$!
{
	archiveVersion = 1;
	classes = {
	};
	objectVersion = 46;
	objects = {

/* Begin PBXBuildFile section */
		160FC6CF1B53915700C55206 /* GameKit.framework in Frameworks */ = {isa = PBXBuildFile; fileRef = 160FC6CE1B53915700C55206 /* GameKit.framework */; };
		160FC6F31B53E44E00C55206 /* InfoPlist.strings in Resources */ = {isa = PBXBuildFile; fileRef = 160FC6E21B539CF300C55206 /* InfoPlist.strings */; };
		1645EA821B5A26A40085091E /* DataController.m in Sources */ = {isa = PBXBuildFile; fileRef = 1645EA811B5A26A40085091E /* DataController.m */; };
		1645EA851B5A26BF0085091E /* PowerUpConfigManager.m in Sources */ = {isa = PBXBuildFile; fileRef = 1645EA841B5A26BF0085091E /* PowerUpConfigManager.m */; };
		1645EA881B5A2AB00085091E /* UserModel.xcdatamodeld in Sources */ = {isa = PBXBuildFile; fileRef = 1645EA861B5A2AB00085091E /* UserModel.xcdatamodeld */; };
		1645EA8B1B5A30DB0085091E /* Localizable.strings in Resources */ = {isa = PBXBuildFile; fileRef = 1645EA8D1B5A30DB0085091E /* Localizable.strings */; };
		1645EA911B5A412F0085091E /* UserData.m in Sources */ = {isa = PBXBuildFile; fileRef = 1645EA901B5A412F0085091E /* UserData.m */; };
		1645EA941B5A559F0085091E /* PowerUpViewController.m in Sources */ = {isa = PBXBuildFile; fileRef = 1645EA931B5A559F0085091E /* PowerUpViewController.m */; };
		1645EA971B5A57000085091E /* ShopViewController.m in Sources */ = {isa = PBXBuildFile; fileRef = 1645EA961B5A57000085091E /* ShopViewController.m */; };
		168F66121B5E40E900703890 /* shop_1.png in Resources */ = {isa = PBXBuildFile; fileRef = 168F660D1B5E40E900703890 /* shop_1.png */; };
		168F66131B5E40E900703890 /* shop_2.png in Resources */ = {isa = PBXBuildFile; fileRef = 168F660E1B5E40E900703890 /* shop_2.png */; };
		168F66141B5E40E900703890 /* shop_3.png in Resources */ = {isa = PBXBuildFile; fileRef = 168F660F1B5E40E900703890 /* shop_3.png */; };
		168F66151B5E40E900703890 /* shop_4.png in Resources */ = {isa = PBXBuildFile; fileRef = 168F66101B5E40E900703890 /* shop_4.png */; };
		168F66161B5E40E900703890 /* shop_5.png in Resources */ = {isa = PBXBuildFile; fileRef = 168F66111B5E40E900703890 /* shop_5.png */; };
		169FFCFD1B58F4F8006147B7 /* BackgroundShaer.fsh in Resources */ = {isa = PBXBuildFile; fileRef = 169FFCFC1B58F4F8006147B7 /* BackgroundShaer.fsh */; };
		169FFCFF1B58FFBA006147B7 /* BackgroundShaer2.fsh in Resources */ = {isa = PBXBuildFile; fileRef = 169FFCFE1B58FFBA006147B7 /* BackgroundShaer2.fsh */; };
		169FFD011B595450006147B7 /* EnemyShaer.fsh in Resources */ = {isa = PBXBuildFile; fileRef = 169FFD001B595450006147B7 /* EnemyShaer.fsh */; };
		16BCF4F31B60CE9F00B3CB36 /* GuideHand.png in Resources */ = {isa = PBXBuildFile; fileRef = 16BCF4F21B60CE9F00B3CB36 /* GuideHand.png */; };
		16BD162E1B5233BA00932BF1 /* Enemy_Arrow.m in Sources */ = {isa = PBXBuildFile; fileRef = 16BD162D1B5233BA00932BF1 /* Enemy_Arrow.m */; };
		16DDC9351B5BC8B400331CC0 /* powerUp1.png in Resources */ = {isa = PBXBuildFile; fileRef = 16DDC9251B5BC8B400331CC0 /* powerUp1.png */; };
		16DDC9361B5BC8B400331CC0 /* powerUp1_n.png in Resources */ = {isa = PBXBuildFile; fileRef = 16DDC9261B5BC8B400331CC0 /* powerUp1_n.png */; };
		16DDC9371B5BC8B400331CC0 /* powerUp2.png in Resources */ = {isa = PBXBuildFile; fileRef = 16DDC9271B5BC8B400331CC0 /* powerUp2.png */; };
		16DDC9381B5BC8B400331CC0 /* powerUp2_n.png in Resources */ = {isa = PBXBuildFile; fileRef = 16DDC9281B5BC8B400331CC0 /* powerUp2_n.png */; };
		16DDC9391B5BC8B400331CC0 /* powerUp3.png in Resources */ = {isa = PBXBuildFile; fileRef = 16DDC9291B5BC8B400331CC0 /* powerUp3.png */; };
		16DDC93A1B5BC8B400331CC0 /* powerUp3_n.png in Resources */ = {isa = PBXBuildFile; fileRef = 16DDC92A1B5BC8B400331CC0 /* powerUp3_n.png */; };
		16DDC93B1B5BC8B400331CC0 /* powerUp4.png in Resources */ = {isa = PBXBuildFile; fileRef = 16DDC92B1B5BC8B400331CC0 /* powerUp4.png */; };
		16DDC93C1B5BC8B400331CC0 /* powerUp4_n.png in Resources */ = {isa = PBXBuildFile; fileRef = 16DDC92C1B5BC8B400331CC0 /* powerUp4_n.png */; };
		16DDC93D1B5BC8B400331CC0 /* powerUp5.png in Resources */ = {isa = PBXBuildFile; fileRef = 16DDC92D1B5BC8B400331CC0 /* powerUp5.png */; };
		16DDC93E1B5BC8B400331CC0 /* powerUp5_n.png in Resources */ = {isa = PBXBuildFile; fileRef = 16DDC92E1B5BC8B400331CC0 /* powerUp5_n.png */; };
		16DDC93F1B5BC8B400331CC0 /* powerUp6.png in Resources */ = {isa = PBXBuildFile; fileRef = 16DDC92F1B5BC8B400331CC0 /* powerUp6.png */; };
		16DDC9401B5BC8B400331CC0 /* powerUp6_n.png in Resources */ = {isa = PBXBuildFile; fileRef = 16DDC9301B5BC8B400331CC0 /* powerUp6_n.png */; };
		16DDC9411B5BC8B400331CC0 /* powerUp7.png in Resources */ = {isa = PBXBuildFile; fileRef = 16DDC9311B5BC8B400331CC0 /* powerUp7.png */; };
		16DDC9421B5BC8B400331CC0 /* powerUp7_n.png in Resources */ = {isa = PBXBuildFile; fileRef = 16DDC9321B5BC8B400331CC0 /* powerUp7_n.png */; };
		16DDC9431B5BC8B400331CC0 /* powerUp8.png in Resources */ = {isa = PBXBuildFile; fileRef = 16DDC9331B5BC8B400331CC0 /* powerUp8.png */; };
		16DDC9441B5BC8B400331CC0 /* powerUp8_n.png in Resources */ = {isa = PBXBuildFile; fileRef = 16DDC9341B5BC8B400331CC0 /* powerUp8_n.png */; };
		16E350FD1B5CF38C00FAC9DD /* closeBtn.png in Resources */ = {isa = PBXBuildFile; fileRef = 16E350FC1B5CF38C00FAC9DD /* closeBtn.png */; };
		16E350FF1B5D054400FAC9DD /* starYellow.png in Resources */ = {isa = PBXBuildFile; fileRef = 16E350FE1B5D054400FAC9DD /* starYellow.png */; };
		16E351021B5D18B200FAC9DD /* powerUpBuy.png in Resources */ = {isa = PBXBuildFile; fileRef = 16E351001B5D18B200FAC9DD /* powerUpBuy.png */; };
		16EAD7581B50FB7F0057390E /* Enemy_Box.m in Sources */ = {isa = PBXBuildFile; fileRef = 16EAD7571B50FB7F0057390E /* Enemy_Box.m */; };
		16EAD7671B50FBA60057390E /* 5side.png in Resources */ = {isa = PBXBuildFile; fileRef = 16EAD7591B50FBA60057390E /* 5side.png */; };
		16EAD7681B50FBA60057390E /* 6side.png in Resources */ = {isa = PBXBuildFile; fileRef = 16EAD75A1B50FBA60057390E /* 6side.png */; };
		16EAD7691B50FBA60057390E /* arrow.png in Resources */ = {isa = PBXBuildFile; fileRef = 16EAD75B1B50FBA60057390E /* arrow.png */; };
		16EAD76A1B50FBA60057390E /* blackHole.png in Resources */ = {isa = PBXBuildFile; fileRef = 16EAD75C1B50FBA60057390E /* blackHole.png */; };
		16EAD76B1B50FBA60057390E /* box.png in Resources */ = {isa = PBXBuildFile; fileRef = 16EAD75D1B50FBA60057390E /* box.png */; };
		16EAD76C1B50FBA60057390E /* box2.png in Resources */ = {isa = PBXBuildFile; fileRef = 16EAD75E1B50FBA60057390E /* box2.png */; };
		16EAD76D1B50FBA60057390E /* circle.png in Resources */ = {isa = PBXBuildFile; fileRef = 16EAD75F1B50FBA60057390E /* circle.png */; };
		16EAD76E1B50FBA60057390E /* flower.png in Resources */ = {isa = PBXBuildFile; fileRef = 16EAD7601B50FBA60057390E /* flower.png */; };
		16EAD76F1B50FBA60057390E /* star3R.png in Resources */ = {isa = PBXBuildFile; fileRef = 16EAD7611B50FBA60057390E /* star3R.png */; };
		16EAD7701B50FBA60057390E /* star5E.png in Resources */ = {isa = PBXBuildFile; fileRef = 16EAD7621B50FBA60057390E /* star5E.png */; };
		16EAD7711B50FBA60057390E /* star5R.png in Resources */ = {isa = PBXBuildFile; fileRef = 16EAD7631B50FBA60057390E /* star5R.png */; };
		16EAD7721B50FBA60057390E /* star5S.png in Resources */ = {isa = PBXBuildFile; fileRef = 16EAD7641B50FBA60057390E /* star5S.png */; };
		16EAD7731B50FBA60057390E /* star8.png in Resources */ = {isa = PBXBuildFile; fileRef = 16EAD7651B50FBA60057390E /* star8.png */; };
		16EAD7741B50FBA60057390E /* triangle.png in Resources */ = {isa = PBXBuildFile; fileRef = 16EAD7661B50FBA60057390E /* triangle.png */; };
		16EAD7771B50FD2C0057390E /* Enemy_Circle.m in Sources */ = {isa = PBXBuildFile; fileRef = 16EAD7761B50FD2C0057390E /* Enemy_Circle.m */; };
		16EAD77A1B510B3A0057390E /* EnemyExplode.sks in Resources */ = {isa = PBXBuildFile; fileRef = 16EAD7781B510B3A0057390E /* EnemyExplode.sks */; };
		16EAD77D1B510CAE0057390E /* EnemyPiece.png in Resources */ = {isa = PBXBuildFile; fileRef = 16EAD77C1B510CAE0057390E /* EnemyPiece.png */; };
		16EAD7801B5137470057390E /* Enemy_5Side.m in Sources */ = {isa = PBXBuildFile; fileRef = 16EAD77F1B5137470057390E /* Enemy_5Side.m */; };
		881A17211B45882E007AE66A /* ControllerCircle_arrowCircle.png in Resources */ = {isa = PBXBuildFile; fileRef = 881A171F1B45882E007AE66A /* ControllerCircle_arrowCircle.png */; };
		881A17221B45882E007AE66A /* ControllerCircle_backCircle.png in Resources */ = {isa = PBXBuildFile; fileRef = 881A17201B45882E007AE66A /* ControllerCircle_backCircle.png */; };
		881BDEDE1B52BF8D00B74D9B /* BlackHole.m in Sources */ = {isa = PBXBuildFile; fileRef = 881BDEDD1B52BF8D00B74D9B /* BlackHole.m */; };
		881BDEE61B52CDCC00B74D9B /* BlackHole.sks in Resources */ = {isa = PBXBuildFile; fileRef = 881BDEE51B52CDCC00B74D9B /* BlackHole.sks */; };
		881BDEE91B52F77D00B74D9B /* Enemy_Black.m in Sources */ = {isa = PBXBuildFile; fileRef = 881BDEE81B52F77D00B74D9B /* Enemy_Black.m */; };
		881BDEEB1B54349D00B74D9B /* Bomb.png in Resources */ = {isa = PBXBuildFile; fileRef = 881BDEEA1B54349D00B74D9B /* Bomb.png */; };
		8833851D1B56D02E00BC5358 /* new.png in Resources */ = {isa = PBXBuildFile; fileRef = 883385141B56D02E00BC5358 /* new.png */; };
		8833851E1B56D02E00BC5358 /* pauseBtn.png in Resources */ = {isa = PBXBuildFile; fileRef = 883385151B56D02E00BC5358 /* pauseBtn.png */; };
		8833851F1B56D02E00BC5358 /* playerIcon.png in Resources */ = {isa = PBXBuildFile; fileRef = 883385161B56D02E00BC5358 /* playerIcon.png */; };
		883385251B56D04300BC5358 /* home.png in Resources */ = {isa = PBXBuildFile; fileRef = 883385271B56D04300BC5358 /* home.png */; };
		883385291B56D06900BC5358 /* powerup.png in Resources */ = {isa = PBXBuildFile; fileRef = 8833852B1B56D06900BC5358 /* powerup.png */; };
		8833852D1B56D06F00BC5358 /* ranking.png in Resources */ = {isa = PBXBuildFile; fileRef = 8833852F1B56D06F00BC5358 /* ranking.png */; };
		883385311B56D07300BC5358 /* resume.png in Resources */ = {isa = PBXBuildFile; fileRef = 883385331B56D07300BC5358 /* resume.png */; };
		883385351B56D07800BC5358 /* shop.png in Resources */ = {isa = PBXBuildFile; fileRef = 883385371B56D07800BC5358 /* shop.png */; };
		883385391B56D07D00BC5358 /* start.png in Resources */ = {isa = PBXBuildFile; fileRef = 8833853B1B56D07D00BC5358 /* start.png */; };
		8833853E1B56EAD100BC5358 /* star.png in Resources */ = {isa = PBXBuildFile; fileRef = 8833853D1B56EAD100BC5358 /* star.png */; };
		883A8C9B1B5825CC00EB49B1 /* HomeBackEffect.sks in Resources */ = {isa = PBXBuildFile; fileRef = 883A8C9A1B5825CC00EB49B1 /* HomeBackEffect.sks */; };
		884982EB1B4EBFDF00C5EBB9 /* GameControllerView.m in Sources */ = {isa = PBXBuildFile; fileRef = 884982EA1B4EBFDF00C5EBB9 /* GameControllerView.m */; };
		884982F21B4EBFE800C5EBB9 /* GameScene.m in Sources */ = {isa = PBXBuildFile; fileRef = 884982EE1B4EBFE800C5EBB9 /* GameScene.m */; };
		884982F31B4EBFE800C5EBB9 /* GameScene.sks in Resources */ = {isa = PBXBuildFile; fileRef = 884982EF1B4EBFE800C5EBB9 /* GameScene.sks */; };
		884982F41B4EBFE800C5EBB9 /* PlayerSprite.m in Sources */ = {isa = PBXBuildFile; fileRef = 884982F11B4EBFE800C5EBB9 /* PlayerSprite.m */; };
		884982F71B4EC3FD00C5EBB9 /* SpawnController.m in Sources */ = {isa = PBXBuildFile; fileRef = 884982F61B4EC3FD00C5EBB9 /* SpawnController.m */; };
		884982FB1B4ECAA200C5EBB9 /* EnemyBase.m in Sources */ = {isa = PBXBuildFile; fileRef = 884982FA1B4ECAA200C5EBB9 /* EnemyBase.m */; };
		884983011B4EDAA200C5EBB9 /* Enemy_Triangle.m in Sources */ = {isa = PBXBuildFile; fileRef = 884983001B4EDAA200C5EBB9 /* Enemy_Triangle.m */; };
		888205C01B601735006B47FA /* Enemy_3star.m in Sources */ = {isa = PBXBuildFile; fileRef = 888205BF1B601735006B47FA /* Enemy_3star.m */; };
		888205C31B60343E006B47FA /* Enemy_Sakura.m in Sources */ = {isa = PBXBuildFile; fileRef = 888205C21B60343E006B47FA /* Enemy_Sakura.m */; };
		8895A9021B42E18D007A54CE /* main.m in Sources */ = {isa = PBXBuildFile; fileRef = 8895A9011B42E18D007A54CE /* main.m */; };
		8895A9051B42E18D007A54CE /* AppDelegate.m in Sources */ = {isa = PBXBuildFile; fileRef = 8895A9041B42E18D007A54CE /* AppDelegate.m */; };
		8895A90D1B42E18D007A54CE /* GameViewController.m in Sources */ = {isa = PBXBuildFile; fileRef = 8895A90C1B42E18D007A54CE /* GameViewController.m */; };
		8895A9101B42E18D007A54CE /* Main.storyboard in Resources */ = {isa = PBXBuildFile; fileRef = 8895A90E1B42E18D007A54CE /* Main.storyboard */; };
		8895A9121B42E18D007A54CE /* Images.xcassets in Resources */ = {isa = PBXBuildFile; fileRef = 8895A9111B42E18D007A54CE /* Images.xcassets */; };
		8895A9151B42E18D007A54CE /* LaunchScreen.xib in Resources */ = {isa = PBXBuildFile; fileRef = 8895A9131B42E18D007A54CE /* LaunchScreen.xib */; };
		889DAE511B4797BE0041D0D7 /* playerLight.png in Resources */ = {isa = PBXBuildFile; fileRef = 889DAE501B4797BE0041D0D7 /* playerLight.png */; };
		889DAE541B4797EF0041D0D7 /* light1.sks in Resources */ = {isa = PBXBuildFile; fileRef = 889DAE521B4797EF0041D0D7 /* light1.sks */; };
		889DAE571B47BB8E0041D0D7 /* fire.png in Resources */ = {isa = PBXBuildFile; fileRef = 889DAE561B47BB8E0041D0D7 /* fire.png */; };
		889DAE5A1B4B02140041D0D7 /* Common.m in Sources */ = {isa = PBXBuildFile; fileRef = 889DAE591B4B02140041D0D7 /* Common.m */; };
		889DAE5D1B4B063A0041D0D7 /* BulletFlash.sks in Resources */ = {isa = PBXBuildFile; fileRef = 889DAE5B1B4B063A0041D0D7 /* BulletFlash.sks */; };
		889DAE5E1B4B063A0041D0D7 /* spark.png in Resources */ = {isa = PBXBuildFile; fileRef = 889DAE5C1B4B063A0041D0D7 /* spark.png */; };
		88CE0BDA1B5EB4DD001CE3E4 /* designedImage.png in Resources */ = {isa = PBXBuildFile; fileRef = 88CE0BD81B5EB4DD001CE3E4 /* designedImage.png */; };
		88CE0BDB1B5EB4DD001CE3E4 /* fairyImage.png in Resources */ = {isa = PBXBuildFile; fileRef = 88CE0BD91B5EB4DD001CE3E4 /* fairyImage.png */; };
/* End PBXBuildFile section */

/* Begin PBXFileReference section */
		160FC6CE1B53915700C55206 /* GameKit.framework */ = {isa = PBXFileReference; lastKnownFileType = wrapper.framework; name = GameKit.framework; path = System/Library/Frameworks/GameKit.framework; sourceTree = SDKROOT; };
		160FC6DC1B539BFA00C55206 /* Info.plist */ = {isa = PBXFileReference; fileEncoding = 4; lastKnownFileType = text.plist.xml; path = Info.plist; sourceTree = "<group>"; };
		160FC6E11B539CF300C55206 /* Base */ = {isa = PBXFileReference; lastKnownFileType = text.plist.strings; name = Base; path = Base.lproj/InfoPlist.strings; sourceTree = "<group>"; };
		160FC6E31B539CF600C55206 /* zh-Hans */ = {isa = PBXFileReference; lastKnownFileType = text.plist.strings; name = "zh-Hans"; path = "zh-Hans.lproj/InfoPlist.strings"; sourceTree = "<group>"; };
		1645EA801B5A26A40085091E /* DataController.h */ = {isa = PBXFileReference; fileEncoding = 4; lastKnownFileType = sourcecode.c.h; path = DataController.h; sourceTree = "<group>"; };
		1645EA811B5A26A40085091E /* DataController.m */ = {isa = PBXFileReference; fileEncoding = 4; lastKnownFileType = sourcecode.c.objc; path = DataController.m; sourceTree = "<group>"; };
		1645EA831B5A26BF0085091E /* PowerUpConfigManager.h */ = {isa = PBXFileReference; fileEncoding = 4; lastKnownFileType = sourcecode.c.h; path = PowerUpConfigManager.h; sourceTree = "<group>"; };
		1645EA841B5A26BF0085091E /* PowerUpConfigManager.m */ = {isa = PBXFileReference; fileEncoding = 4; lastKnownFileType = sourcecode.c.objc; path = PowerUpConfigManager.m; sourceTree = "<group>"; };
		1645EA871B5A2AB00085091E /* UserModel.xcdatamodel */ = {isa = PBXFileReference; lastKnownFileType = wrapper.xcdatamodel; path = UserModel.xcdatamodel; sourceTree = "<group>"; };
		1645EA8C1B5A30DB0085091E /* Base */ = {isa = PBXFileReference; lastKnownFileType = text.plist.strings; name = Base; path = Base.lproj/Localizable.strings; sourceTree = "<group>"; };
		1645EA8E1B5A30DD0085091E /* zh-Hans */ = {isa = PBXFileReference; lastKnownFileType = text.plist.strings; name = "zh-Hans"; path = "zh-Hans.lproj/Localizable.strings"; sourceTree = "<group>"; };
		1645EA8F1B5A412F0085091E /* UserData.h */ = {isa = PBXFileReference; fileEncoding = 4; lastKnownFileType = sourcecode.c.h; path = UserData.h; sourceTree = "<group>"; };
		1645EA901B5A412F0085091E /* UserData.m */ = {isa = PBXFileReference; fileEncoding = 4; lastKnownFileType = sourcecode.c.objc; path = UserData.m; sourceTree = "<group>"; };
		1645EA921B5A559F0085091E /* PowerUpViewController.h */ = {isa = PBXFileReference; fileEncoding = 4; lastKnownFileType = sourcecode.c.h; path = PowerUpViewController.h; sourceTree = "<group>"; };
		1645EA931B5A559F0085091E /* PowerUpViewController.m */ = {isa = PBXFileReference; fileEncoding = 4; lastKnownFileType = sourcecode.c.objc; path = PowerUpViewController.m; sourceTree = "<group>"; };
		1645EA951B5A57000085091E /* ShopViewController.h */ = {isa = PBXFileReference; fileEncoding = 4; lastKnownFileType = sourcecode.c.h; path = ShopViewController.h; sourceTree = "<group>"; };
		1645EA961B5A57000085091E /* ShopViewController.m */ = {isa = PBXFileReference; fileEncoding = 4; lastKnownFileType = sourcecode.c.objc; path = ShopViewController.m; sourceTree = "<group>"; };
		168F660D1B5E40E900703890 /* shop_1.png */ = {isa = PBXFileReference; lastKnownFileType = image.png; path = shop_1.png; sourceTree = "<group>"; };
		168F660E1B5E40E900703890 /* shop_2.png */ = {isa = PBXFileReference; lastKnownFileType = image.png; path = shop_2.png; sourceTree = "<group>"; };
		168F660F1B5E40E900703890 /* shop_3.png */ = {isa = PBXFileReference; lastKnownFileType = image.png; path = shop_3.png; sourceTree = "<group>"; };
		168F66101B5E40E900703890 /* shop_4.png */ = {isa = PBXFileReference; lastKnownFileType = image.png; path = shop_4.png; sourceTree = "<group>"; };
		168F66111B5E40E900703890 /* shop_5.png */ = {isa = PBXFileReference; lastKnownFileType = image.png; path = shop_5.png; sourceTree = "<group>"; };
		169FFCFC1B58F4F8006147B7 /* BackgroundShaer.fsh */ = {isa = PBXFileReference; fileEncoding = 4; lastKnownFileType = sourcecode.glsl; path = BackgroundShaer.fsh; sourceTree = "<group>"; };
		169FFCFE1B58FFBA006147B7 /* BackgroundShaer2.fsh */ = {isa = PBXFileReference; fileEncoding = 4; lastKnownFileType = sourcecode.glsl; path = BackgroundShaer2.fsh; sourceTree = "<group>"; };
		169FFD001B595450006147B7 /* EnemyShaer.fsh */ = {isa = PBXFileReference; fileEncoding = 4; lastKnownFileType = sourcecode.glsl; path = EnemyShaer.fsh; sourceTree = "<group>"; };
		16BCF4F21B60CE9F00B3CB36 /* GuideHand.png */ = {isa = PBXFileReference; lastKnownFileType = image.png; name = GuideHand.png; path = ../../../../../GuideHand.png; sourceTree = "<group>"; };
		16BD162C1B5233BA00932BF1 /* Enemy_Arrow.h */ = {isa = PBXFileReference; fileEncoding = 4; lastKnownFileType = sourcecode.c.h; path = Enemy_Arrow.h; sourceTree = "<group>"; };
		16BD162D1B5233BA00932BF1 /* Enemy_Arrow.m */ = {isa = PBXFileReference; fileEncoding = 4; lastKnownFileType = sourcecode.c.objc; path = Enemy_Arrow.m; sourceTree = "<group>"; };
		16DDC9251B5BC8B400331CC0 /* powerUp1.png */ = {isa = PBXFileReference; lastKnownFileType = image.png; path = powerUp1.png; sourceTree = "<group>"; };
		16DDC9261B5BC8B400331CC0 /* powerUp1_n.png */ = {isa = PBXFileReference; lastKnownFileType = image.png; path = powerUp1_n.png; sourceTree = "<group>"; };
		16DDC9271B5BC8B400331CC0 /* powerUp2.png */ = {isa = PBXFileReference; lastKnownFileType = image.png; path = powerUp2.png; sourceTree = "<group>"; };
		16DDC9281B5BC8B400331CC0 /* powerUp2_n.png */ = {isa = PBXFileReference; lastKnownFileType = image.png; path = powerUp2_n.png; sourceTree = "<group>"; };
		16DDC9291B5BC8B400331CC0 /* powerUp3.png */ = {isa = PBXFileReference; lastKnownFileType = image.png; path = powerUp3.png; sourceTree = "<group>"; };
		16DDC92A1B5BC8B400331CC0 /* powerUp3_n.png */ = {isa = PBXFileReference; lastKnownFileType = image.png; path = powerUp3_n.png; sourceTree = "<group>"; };
		16DDC92B1B5BC8B400331CC0 /* powerUp4.png */ = {isa = PBXFileReference; lastKnownFileType = image.png; path = powerUp4.png; sourceTree = "<group>"; };
		16DDC92C1B5BC8B400331CC0 /* powerUp4_n.png */ = {isa = PBXFileReference; lastKnownFileType = image.png; path = powerUp4_n.png; sourceTree = "<group>"; };
		16DDC92D1B5BC8B400331CC0 /* powerUp5.png */ = {isa = PBXFileReference; lastKnownFileType = image.png; path = powerUp5.png; sourceTree = "<group>"; };
		16DDC92E1B5BC8B400331CC0 /* powerUp5_n.png */ = {isa = PBXFileReference; lastKnownFileType = image.png; path = powerUp5_n.png; sourceTree = "<group>"; };
		16DDC92F1B5BC8B400331CC0 /* powerUp6.png */ = {isa = PBXFileReference; lastKnownFileType = image.png; path = powerUp6.png; sourceTree = "<group>"; };
		16DDC9301B5BC8B400331CC0 /* powerUp6_n.png */ = {isa = PBXFileReference; lastKnownFileType = image.png; path = powerUp6_n.png; sourceTree = "<group>"; };
		16DDC9311B5BC8B400331CC0 /* powerUp7.png */ = {isa = PBXFileReference; lastKnownFileType = image.png; path = powerUp7.png; sourceTree = "<group>"; };
		16DDC9321B5BC8B400331CC0 /* powerUp7_n.png */ = {isa = PBXFileReference; lastKnownFileType = image.png; path = powerUp7_n.png; sourceTree = "<group>"; };
		16DDC9331B5BC8B400331CC0 /* powerUp8.png */ = {isa = PBXFileReference; lastKnownFileType = image.png; path = powerUp8.png; sourceTree = "<group>"; };
		16DDC9341B5BC8B400331CC0 /* powerUp8_n.png */ = {isa = PBXFileReference; lastKnownFileType = image.png; path = powerUp8_n.png; sourceTree = "<group>"; };
		16E350FC1B5CF38C00FAC9DD /* closeBtn.png */ = {isa = PBXFileReference; lastKnownFileType = image.png; name = closeBtn.png; path = Resources/UI/closeBtn.png; sourceTree = SOURCE_ROOT; };
		16E350FE1B5D054400FAC9DD /* starYellow.png */ = {isa = PBXFileReference; lastKnownFileType = image.png; path = starYellow.png; sourceTree = "<group>"; };
		16E351011B5D18B200FAC9DD /* Base */ = {isa = PBXFileReference; lastKnownFileType = image.png; name = Base; path = Base.lproj/powerUpBuy.png; sourceTree = "<group>"; };
		16E351031B5D18BB00FAC9DD /* zh-Hans */ = {isa = PBXFileReference; lastKnownFileType = image.png; name = "zh-Hans"; path = "zh-Hans.lproj/powerUpBuy.png"; sourceTree = "<group>"; };
		16EAD7561B50FB7F0057390E /* Enemy_Box.h */ = {isa = PBXFileReference; fileEncoding = 4; lastKnownFileType = sourcecode.c.h; path = Enemy_Box.h; sourceTree = "<group>"; };
		16EAD7571B50FB7F0057390E /* Enemy_Box.m */ = {isa = PBXFileReference; fileEncoding = 4; lastKnownFileType = sourcecode.c.objc; path = Enemy_Box.m; sourceTree = "<group>"; };
		16EAD7591B50FBA60057390E /* 5side.png */ = {isa = PBXFileReference; lastKnownFileType = image.png; path = 5side.png; sourceTree = "<group>"; };
		16EAD75A1B50FBA60057390E /* 6side.png */ = {isa = PBXFileReference; lastKnownFileType = image.png; path = 6side.png; sourceTree = "<group>"; };
		16EAD75B1B50FBA60057390E /* arrow.png */ = {isa = PBXFileReference; lastKnownFileType = image.png; path = arrow.png; sourceTree = "<group>"; };
		16EAD75C1B50FBA60057390E /* blackHole.png */ = {isa = PBXFileReference; lastKnownFileType = image.png; path = blackHole.png; sourceTree = "<group>"; };
		16EAD75D1B50FBA60057390E /* box.png */ = {isa = PBXFileReference; lastKnownFileType = image.png; path = box.png; sourceTree = "<group>"; };
		16EAD75E1B50FBA60057390E /* box2.png */ = {isa = PBXFileReference; lastKnownFileType = image.png; path = box2.png; sourceTree = "<group>"; };
		16EAD75F1B50FBA60057390E /* circle.png */ = {isa = PBXFileReference; lastKnownFileType = image.png; path = circle.png; sourceTree = "<group>"; };
		16EAD7601B50FBA60057390E /* flower.png */ = {isa = PBXFileReference; lastKnownFileType = image.png; path = flower.png; sourceTree = "<group>"; };
		16EAD7611B50FBA60057390E /* star3R.png */ = {isa = PBXFileReference; lastKnownFileType = image.png; path = star3R.png; sourceTree = "<group>"; };
		16EAD7621B50FBA60057390E /* star5E.png */ = {isa = PBXFileReference; lastKnownFileType = image.png; path = star5E.png; sourceTree = "<group>"; };
		16EAD7631B50FBA60057390E /* star5R.png */ = {isa = PBXFileReference; lastKnownFileType = image.png; path = star5R.png; sourceTree = "<group>"; };
		16EAD7641B50FBA60057390E /* star5S.png */ = {isa = PBXFileReference; lastKnownFileType = image.png; path = star5S.png; sourceTree = "<group>"; };
		16EAD7651B50FBA60057390E /* star8.png */ = {isa = PBXFileReference; lastKnownFileType = image.png; path = star8.png; sourceTree = "<group>"; };
		16EAD7661B50FBA60057390E /* triangle.png */ = {isa = PBXFileReference; lastKnownFileType = image.png; path = triangle.png; sourceTree = "<group>"; };
		16EAD7751B50FD2C0057390E /* Enemy_Circle.h */ = {isa = PBXFileReference; fileEncoding = 4; lastKnownFileType = sourcecode.c.h; path = Enemy_Circle.h; sourceTree = "<group>"; };
		16EAD7761B50FD2C0057390E /* Enemy_Circle.m */ = {isa = PBXFileReference; fileEncoding = 4; lastKnownFileType = sourcecode.c.objc; path = Enemy_Circle.m; sourceTree = "<group>"; };
		16EAD7781B510B3A0057390E /* EnemyExplode.sks */ = {isa = PBXFileReference; lastKnownFileType = file.sks; path = EnemyExplode.sks; sourceTree = "<group>"; };
		16EAD77C1B510CAE0057390E /* EnemyPiece.png */ = {isa = PBXFileReference; lastKnownFileType = image.png; path = EnemyPiece.png; sourceTree = "<group>"; };
		16EAD77E1B5137470057390E /* Enemy_5Side.h */ = {isa = PBXFileReference; fileEncoding = 4; lastKnownFileType = sourcecode.c.h; path = Enemy_5Side.h; sourceTree = "<group>"; };
		16EAD77F1B5137470057390E /* Enemy_5Side.m */ = {isa = PBXFileReference; fileEncoding = 4; lastKnownFileType = sourcecode.c.objc; path = Enemy_5Side.m; sourceTree = "<group>"; };
		881A171F1B45882E007AE66A /* ControllerCircle_arrowCircle.png */ = {isa = PBXFileReference; lastKnownFileType = image.png; path = ControllerCircle_arrowCircle.png; sourceTree = "<group>"; };
		881A17201B45882E007AE66A /* ControllerCircle_backCircle.png */ = {isa = PBXFileReference; lastKnownFileType = image.png; path = ControllerCircle_backCircle.png; sourceTree = "<group>"; };
		881BDEDC1B52BF8D00B74D9B /* BlackHole.h */ = {isa = PBXFileReference; fileEncoding = 4; lastKnownFileType = sourcecode.c.h; path = BlackHole.h; sourceTree = "<group>"; };
		881BDEDD1B52BF8D00B74D9B /* BlackHole.m */ = {isa = PBXFileReference; fileEncoding = 4; lastKnownFileType = sourcecode.c.objc; path = BlackHole.m; sourceTree = "<group>"; };
		881BDEE51B52CDCC00B74D9B /* BlackHole.sks */ = {isa = PBXFileReference; lastKnownFileType = file.sks; path = BlackHole.sks; sourceTree = "<group>"; };
		881BDEE71B52F77D00B74D9B /* Enemy_Black.h */ = {isa = PBXFileReference; fileEncoding = 4; lastKnownFileType = sourcecode.c.h; path = Enemy_Black.h; sourceTree = "<group>"; };
		881BDEE81B52F77D00B74D9B /* Enemy_Black.m */ = {isa = PBXFileReference; fileEncoding = 4; lastKnownFileType = sourcecode.c.objc; path = Enemy_Black.m; sourceTree = "<group>"; };
		881BDEEA1B54349D00B74D9B /* Bomb.png */ = {isa = PBXFileReference; lastKnownFileType = image.png; path = Bomb.png; sourceTree = "<group>"; };
		883385141B56D02E00BC5358 /* new.png */ = {isa = PBXFileReference; lastKnownFileType = image.png; path = new.png; sourceTree = "<group>"; };
		883385151B56D02E00BC5358 /* pauseBtn.png */ = {isa = PBXFileReference; lastKnownFileType = image.png; path = pauseBtn.png; sourceTree = "<group>"; };
		883385161B56D02E00BC5358 /* playerIcon.png */ = {isa = PBXFileReference; lastKnownFileType = image.png; path = playerIcon.png; sourceTree = "<group>"; };
		883385261B56D04300BC5358 /* Base */ = {isa = PBXFileReference; lastKnownFileType = image.png; name = Base; path = Base.lproj/home.png; sourceTree = "<group>"; };
		883385281B56D04600BC5358 /* zh-Hans */ = {isa = PBXFileReference; lastKnownFileType = image.png; name = "zh-Hans"; path = "zh-Hans.lproj/home.png"; sourceTree = "<group>"; };
		8833852A1B56D06900BC5358 /* Base */ = {isa = PBXFileReference; lastKnownFileType = image.png; name = Base; path = Base.lproj/powerup.png; sourceTree = "<group>"; };
		8833852C1B56D06A00BC5358 /* zh-Hans */ = {isa = PBXFileReference; lastKnownFileType = image.png; name = "zh-Hans"; path = "zh-Hans.lproj/powerup.png"; sourceTree = "<group>"; };
		8833852E1B56D06F00BC5358 /* Base */ = {isa = PBXFileReference; lastKnownFileType = image.png; name = Base; path = Base.lproj/ranking.png; sourceTree = "<group>"; };
		883385301B56D07000BC5358 /* zh-Hans */ = {isa = PBXFileReference; lastKnownFileType = image.png; name = "zh-Hans"; path = "zh-Hans.lproj/ranking.png"; sourceTree = "<group>"; };
		883385321B56D07300BC5358 /* Base */ = {isa = PBXFileReference; lastKnownFileType = image.png; name = Base; path = Base.lproj/resume.png; sourceTree = "<group>"; };
		883385341B56D07500BC5358 /* zh-Hans */ = {isa = PBXFileReference; lastKnownFileType = image.png; name = "zh-Hans"; path = "zh-Hans.lproj/resume.png"; sourceTree = "<group>"; };
		883385361B56D07800BC5358 /* Base */ = {isa = PBXFileReference; lastKnownFileType = image.png; name = Base; path = Base.lproj/shop.png; sourceTree = "<group>"; };
		883385381B56D07A00BC5358 /* zh-Hans */ = {isa = PBXFileReference; lastKnownFileType = image.png; name = "zh-Hans"; path = "zh-Hans.lproj/shop.png"; sourceTree = "<group>"; };
		8833853A1B56D07D00BC5358 /* Base */ = {isa = PBXFileReference; lastKnownFileType = image.png; name = Base; path = Base.lproj/start.png; sourceTree = "<group>"; };
		8833853C1B56D07E00BC5358 /* zh-Hans */ = {isa = PBXFileReference; lastKnownFileType = image.png; name = "zh-Hans"; path = "zh-Hans.lproj/start.png"; sourceTree = "<group>"; };
		8833853D1B56EAD100BC5358 /* star.png */ = {isa = PBXFileReference; lastKnownFileType = image.png; path = star.png; sourceTree = "<group>"; };
		883A8C9A1B5825CC00EB49B1 /* HomeBackEffect.sks */ = {isa = PBXFileReference; lastKnownFileType = file.sks; path = HomeBackEffect.sks; sourceTree = "<group>"; };
		884982E91B4EBFDF00C5EBB9 /* GameControllerView.h */ = {isa = PBXFileReference; fileEncoding = 4; lastKnownFileType = sourcecode.c.h; path = GameControllerView.h; sourceTree = "<group>"; };
		884982EA1B4EBFDF00C5EBB9 /* GameControllerView.m */ = {isa = PBXFileReference; fileEncoding = 4; lastKnownFileType = sourcecode.c.objc; path = GameControllerView.m; sourceTree = "<group>"; };
		884982ED1B4EBFE800C5EBB9 /* GameScene.h */ = {isa = PBXFileReference; fileEncoding = 4; lastKnownFileType = sourcecode.c.h; path = GameScene.h; sourceTree = "<group>"; };
		884982EE1B4EBFE800C5EBB9 /* GameScene.m */ = {isa = PBXFileReference; fileEncoding = 4; lastKnownFileType = sourcecode.c.objc; path = GameScene.m; sourceTree = "<group>"; };
		884982EF1B4EBFE800C5EBB9 /* GameScene.sks */ = {isa = PBXFileReference; lastKnownFileType = file.sks; path = GameScene.sks; sourceTree = "<group>"; };
		884982F01B4EBFE800C5EBB9 /* PlayerSprite.h */ = {isa = PBXFileReference; fileEncoding = 4; lastKnownFileType = sourcecode.c.h; path = PlayerSprite.h; sourceTree = "<group>"; };
		884982F11B4EBFE800C5EBB9 /* PlayerSprite.m */ = {isa = PBXFileReference; fileEncoding = 4; lastKnownFileType = sourcecode.c.objc; path = PlayerSprite.m; sourceTree = "<group>"; };
		884982F51B4EC3FD00C5EBB9 /* SpawnController.h */ = {isa = PBXFileReference; fileEncoding = 4; lastKnownFileType = sourcecode.c.h; path = SpawnController.h; sourceTree = "<group>"; };
		884982F61B4EC3FD00C5EBB9 /* SpawnController.m */ = {isa = PBXFileReference; fileEncoding = 4; lastKnownFileType = sourcecode.c.objc; path = SpawnController.m; sourceTree = "<group>"; };
		884982F91B4ECAA200C5EBB9 /* EnemyBase.h */ = {isa = PBXFileReference; fileEncoding = 4; lastKnownFileType = sourcecode.c.h; path = EnemyBase.h; sourceTree = "<group>"; };
		884982FA1B4ECAA200C5EBB9 /* EnemyBase.m */ = {isa = PBXFileReference; fileEncoding = 4; lastKnownFileType = sourcecode.c.objc; path = EnemyBase.m; sourceTree = "<group>"; };
		884982FF1B4EDAA200C5EBB9 /* Enemy_Triangle.h */ = {isa = PBXFileReference; fileEncoding = 4; lastKnownFileType = sourcecode.c.h; path = Enemy_Triangle.h; sourceTree = "<group>"; };
		884983001B4EDAA200C5EBB9 /* Enemy_Triangle.m */ = {isa = PBXFileReference; fileEncoding = 4; lastKnownFileType = sourcecode.c.objc; path = Enemy_Triangle.m; sourceTree = "<group>"; };
		888205BE1B601735006B47FA /* Enemy_3star.h */ = {isa = PBXFileReference; fileEncoding = 4; lastKnownFileType = sourcecode.c.h; path = Enemy_3star.h; sourceTree = "<group>"; };
		888205BF1B601735006B47FA /* Enemy_3star.m */ = {isa = PBXFileReference; fileEncoding = 4; lastKnownFileType = sourcecode.c.objc; path = Enemy_3star.m; sourceTree = "<group>"; };
		888205C11B60343E006B47FA /* Enemy_Sakura.h */ = {isa = PBXFileReference; fileEncoding = 4; lastKnownFileType = sourcecode.c.h; path = Enemy_Sakura.h; sourceTree = "<group>"; };
		888205C21B60343E006B47FA /* Enemy_Sakura.m */ = {isa = PBXFileReference; fileEncoding = 4; lastKnownFileType = sourcecode.c.objc; path = Enemy_Sakura.m; sourceTree = "<group>"; };
		8895A8FC1B42E18D007A54CE /* SpaceShooter.app */ = {isa = PBXFileReference; explicitFileType = wrapper.application; includeInIndex = 0; path = SpaceShooter.app; sourceTree = BUILT_PRODUCTS_DIR; };
		8895A9011B42E18D007A54CE /* main.m */ = {isa = PBXFileReference; lastKnownFileType = sourcecode.c.objc; path = main.m; sourceTree = "<group>"; };
		8895A9031B42E18D007A54CE /* AppDelegate.h */ = {isa = PBXFileReference; lastKnownFileType = sourcecode.c.h; path = AppDelegate.h; sourceTree = "<group>"; };
		8895A9041B42E18D007A54CE /* AppDelegate.m */ = {isa = PBXFileReference; lastKnownFileType = sourcecode.c.objc; path = AppDelegate.m; sourceTree = "<group>"; };
		8895A90B1B42E18D007A54CE /* GameViewController.h */ = {isa = PBXFileReference; lastKnownFileType = sourcecode.c.h; path = GameViewController.h; sourceTree = "<group>"; };
		8895A90C1B42E18D007A54CE /* GameViewController.m */ = {isa = PBXFileReference; lastKnownFileType = sourcecode.c.objc; path = GameViewController.m; sourceTree = "<group>"; };
		8895A90F1B42E18D007A54CE /* Base */ = {isa = PBXFileReference; lastKnownFileType = file.storyboard; name = Base; path = Base.lproj/Main.storyboard; sourceTree = "<group>"; };
		8895A9111B42E18D007A54CE /* Images.xcassets */ = {isa = PBXFileReference; lastKnownFileType = folder.assetcatalog; path = Images.xcassets; sourceTree = "<group>"; };
		8895A9141B42E18D007A54CE /* Base */ = {isa = PBXFileReference; lastKnownFileType = file.xib; name = Base; path = Base.lproj/LaunchScreen.xib; sourceTree = "<group>"; };
		889DAE501B4797BE0041D0D7 /* playerLight.png */ = {isa = PBXFileReference; lastKnownFileType = image.png; path = playerLight.png; sourceTree = "<group>"; };
		889DAE521B4797EF0041D0D7 /* light1.sks */ = {isa = PBXFileReference; lastKnownFileType = file.sks; path = light1.sks; sourceTree = "<group>"; };
		889DAE561B47BB8E0041D0D7 /* fire.png */ = {isa = PBXFileReference; lastKnownFileType = image.png; path = fire.png; sourceTree = "<group>"; };
		889DAE581B4B02140041D0D7 /* Common.h */ = {isa = PBXFileReference; fileEncoding = 4; lastKnownFileType = sourcecode.c.h; path = Common.h; sourceTree = "<group>"; };
		889DAE591B4B02140041D0D7 /* Common.m */ = {isa = PBXFileReference; fileEncoding = 4; lastKnownFileType = sourcecode.c.objc; path = Common.m; sourceTree = "<group>"; };
		889DAE5B1B4B063A0041D0D7 /* BulletFlash.sks */ = {isa = PBXFileReference; lastKnownFileType = file.sks; path = BulletFlash.sks; sourceTree = "<group>"; };
		889DAE5C1B4B063A0041D0D7 /* spark.png */ = {isa = PBXFileReference; lastKnownFileType = image.png; path = spark.png; sourceTree = "<group>"; };
		88CE0BD81B5EB4DD001CE3E4 /* designedImage.png */ = {isa = PBXFileReference; lastKnownFileType = image.png; name = designedImage.png; path = Resources/designedImage.png; sourceTree = SOURCE_ROOT; };
		88CE0BD91B5EB4DD001CE3E4 /* fairyImage.png */ = {isa = PBXFileReference; lastKnownFileType = image.png; name = fairyImage.png; path = Resources/fairyImage.png; sourceTree = SOURCE_ROOT; };
/* End PBXFileReference section */

/* Begin PBXFrameworksBuildPhase section */
		8895A8F91B42E18D007A54CE /* Frameworks */ = {
			isa = PBXFrameworksBuildPhase;
			buildActionMask = 2147483647;
			files = (
				160FC6CF1B53915700C55206 /* GameKit.framework in Frameworks */,
			);
			runOnlyForDeploymentPostprocessing = 0;
		};
/* End PBXFrameworksBuildPhase section */

/* Begin PBXGroup section */
		160FC6D01B53917200C55206 /* Frameworks */ = {
			isa = PBXGroup;
			children = (
				160FC6CE1B53915700C55206 /* GameKit.framework */,
			);
			name = Frameworks;
			sourceTree = "<group>";
		};
		1645EA7F1B5A26A40085091E /* DataController */ = {
			isa = PBXGroup;
			children = (
				1645EA8D1B5A30DB0085091E /* Localizable.strings */,
				1645EA831B5A26BF0085091E /* PowerUpConfigManager.h */,
				1645EA841B5A26BF0085091E /* PowerUpConfigManager.m */,
				1645EA801B5A26A40085091E /* DataController.h */,
				1645EA811B5A26A40085091E /* DataController.m */,
				1645EA861B5A2AB00085091E /* UserModel.xcdatamodeld */,
				1645EA8F1B5A412F0085091E /* UserData.h */,
				1645EA901B5A412F0085091E /* UserData.m */,
			);
			path = DataController;
			sourceTree = "<group>";
		};
		168F660C1B5E40E900703890 /* ShopUI */ = {
			isa = PBXGroup;
			children = (
				168F660D1B5E40E900703890 /* shop_1.png */,
				168F660E1B5E40E900703890 /* shop_2.png */,
				168F660F1B5E40E900703890 /* shop_3.png */,
				168F66101B5E40E900703890 /* shop_4.png */,
				168F66111B5E40E900703890 /* shop_5.png */,
			);
			path = ShopUI;
			sourceTree = "<group>";
		};
		16DDC9241B5BC8B400331CC0 /* PowerUpUI */ = {
			isa = PBXGroup;
			children = (
				16DDC9251B5BC8B400331CC0 /* powerUp1.png */,
				16DDC9261B5BC8B400331CC0 /* powerUp1_n.png */,
				16DDC9271B5BC8B400331CC0 /* powerUp2.png */,
				16DDC9281B5BC8B400331CC0 /* powerUp2_n.png */,
				16DDC9291B5BC8B400331CC0 /* powerUp3.png */,
				16DDC92A1B5BC8B400331CC0 /* powerUp3_n.png */,
				16DDC92B1B5BC8B400331CC0 /* powerUp4.png */,
				16DDC92C1B5BC8B400331CC0 /* powerUp4_n.png */,
				16DDC92D1B5BC8B400331CC0 /* powerUp5.png */,
				16DDC92E1B5BC8B400331CC0 /* powerUp5_n.png */,
				16DDC92F1B5BC8B400331CC0 /* powerUp6.png */,
				16DDC9301B5BC8B400331CC0 /* powerUp6_n.png */,
				16DDC9311B5BC8B400331CC0 /* powerUp7.png */,
				16DDC9321B5BC8B400331CC0 /* powerUp7_n.png */,
				16DDC9331B5BC8B400331CC0 /* powerUp8.png */,
				16DDC9341B5BC8B400331CC0 /* powerUp8_n.png */,
			);
			path = PowerUpUI;
			sourceTree = "<group>";
		};
		881A171E1B45882E007AE66A /* Resources */ = {
			isa = PBXGroup;
			children = (
				883385121B56D02E00BC5358 /* UI */,
				884982FC1B4EDA7D00C5EBB9 /* Shapes */,
				88CE0BD81B5EB4DD001CE3E4 /* designedImage.png */,
				88CE0BD91B5EB4DD001CE3E4 /* fairyImage.png */,
				16BCF4F21B60CE9F00B3CB36 /* GuideHand.png */,
				881BDEEA1B54349D00B74D9B /* Bomb.png */,
				881BDEE51B52CDCC00B74D9B /* BlackHole.sks */,
				881A171F1B45882E007AE66A /* ControllerCircle_arrowCircle.png */,
				881A17201B45882E007AE66A /* ControllerCircle_backCircle.png */,
				889DAE501B4797BE0041D0D7 /* playerLight.png */,
				889DAE521B4797EF0041D0D7 /* light1.sks */,
				889DAE561B47BB8E0041D0D7 /* fire.png */,
				889DAE5B1B4B063A0041D0D7 /* BulletFlash.sks */,
				889DAE5C1B4B063A0041D0D7 /* spark.png */,
				16EAD7781B510B3A0057390E /* EnemyExplode.sks */,
				16EAD77C1B510CAE0057390E /* EnemyPiece.png */,
				883A8C9A1B5825CC00EB49B1 /* HomeBackEffect.sks */,
				169FFCFC1B58F4F8006147B7 /* BackgroundShaer.fsh */,
				169FFCFE1B58FFBA006147B7 /* BackgroundShaer2.fsh */,
				169FFD001B595450006147B7 /* EnemyShaer.fsh */,
			);
			path = Resources;
			sourceTree = "<group>";
		};
		883385121B56D02E00BC5358 /* UI */ = {
			isa = PBXGroup;
			children = (
				16DDC9241B5BC8B400331CC0 /* PowerUpUI */,
				168F660C1B5E40E900703890 /* ShopUI */,
				16E350FC1B5CF38C00FAC9DD /* closeBtn.png */,
				8833853D1B56EAD100BC5358 /* star.png */,
				16E350FE1B5D054400FAC9DD /* starYellow.png */,
				883385271B56D04300BC5358 /* home.png */,
				883385141B56D02E00BC5358 /* new.png */,
				883385151B56D02E00BC5358 /* pauseBtn.png */,
				883385161B56D02E00BC5358 /* playerIcon.png */,
				8833852B1B56D06900BC5358 /* powerup.png */,
				8833852F1B56D06F00BC5358 /* ranking.png */,
				883385331B56D07300BC5358 /* resume.png */,
				883385371B56D07800BC5358 /* shop.png */,
				8833853B1B56D07D00BC5358 /* start.png */,
				16E351001B5D18B200FAC9DD /* powerUpBuy.png */,
			);
			path = UI;
			sourceTree = "<group>";
		};
		884982E81B4EBFDF00C5EBB9 /* GameControllerView */ = {
			isa = PBXGroup;
			children = (
				884982E91B4EBFDF00C5EBB9 /* GameControllerView.h */,
				884982EA1B4EBFDF00C5EBB9 /* GameControllerView.m */,
			);
			path = GameControllerView;
			sourceTree = "<group>";
		};
		884982EC1B4EBFE800C5EBB9 /* GameScene */ = {
			isa = PBXGroup;
			children = (
				884982ED1B4EBFE800C5EBB9 /* GameScene.h */,
				884982EE1B4EBFE800C5EBB9 /* GameScene.m */,
				884982EF1B4EBFE800C5EBB9 /* GameScene.sks */,
				884982F51B4EC3FD00C5EBB9 /* SpawnController.h */,
				884982F61B4EC3FD00C5EBB9 /* SpawnController.m */,
				884982F01B4EBFE800C5EBB9 /* PlayerSprite.h */,
				884982F11B4EBFE800C5EBB9 /* PlayerSprite.m */,
			);
			path = GameScene;
			sourceTree = "<group>";
		};
		884982F81B4EC6B200C5EBB9 /* Enemies */ = {
			isa = PBXGroup;
			children = (
				881BDEDC1B52BF8D00B74D9B /* BlackHole.h */,
				881BDEDD1B52BF8D00B74D9B /* BlackHole.m */,
				884982F91B4ECAA200C5EBB9 /* EnemyBase.h */,
				884982FA1B4ECAA200C5EBB9 /* EnemyBase.m */,
				884982FF1B4EDAA200C5EBB9 /* Enemy_Triangle.h */,
				884983001B4EDAA200C5EBB9 /* Enemy_Triangle.m */,
				16EAD7561B50FB7F0057390E /* Enemy_Box.h */,
				16EAD7571B50FB7F0057390E /* Enemy_Box.m */,
				16EAD7751B50FD2C0057390E /* Enemy_Circle.h */,
				16EAD7761B50FD2C0057390E /* Enemy_Circle.m */,
				16EAD77E1B5137470057390E /* Enemy_5Side.h */,
				16EAD77F1B5137470057390E /* Enemy_5Side.m */,
				888205BE1B601735006B47FA /* Enemy_3star.h */,
				888205BF1B601735006B47FA /* Enemy_3star.m */,
				16BD162C1B5233BA00932BF1 /* Enemy_Arrow.h */,
				16BD162D1B5233BA00932BF1 /* Enemy_Arrow.m */,
				881BDEE71B52F77D00B74D9B /* Enemy_Black.h */,
				881BDEE81B52F77D00B74D9B /* Enemy_Black.m */,
				888205C11B60343E006B47FA /* Enemy_Sakura.h */,
				888205C21B60343E006B47FA /* Enemy_Sakura.m */,
			);
			path = Enemies;
			sourceTree = "<group>";
		};
		884982FC1B4EDA7D00C5EBB9 /* Shapes */ = {
			isa = PBXGroup;
			children = (
				16EAD7591B50FBA60057390E /* 5side.png */,
				16EAD75A1B50FBA60057390E /* 6side.png */,
				16EAD75B1B50FBA60057390E /* arrow.png */,
				16EAD75C1B50FBA60057390E /* blackHole.png */,
				16EAD75D1B50FBA60057390E /* box.png */,
				16EAD75E1B50FBA60057390E /* box2.png */,
				16EAD75F1B50FBA60057390E /* circle.png */,
				16EAD7601B50FBA60057390E /* flower.png */,
				16EAD7611B50FBA60057390E /* star3R.png */,
				16EAD7621B50FBA60057390E /* star5E.png */,
				16EAD7631B50FBA60057390E /* star5R.png */,
				16EAD7641B50FBA60057390E /* star5S.png */,
				16EAD7651B50FBA60057390E /* star8.png */,
				16EAD7661B50FBA60057390E /* triangle.png */,
			);
			path = Shapes;
			sourceTree = "<group>";
		};
		8895A8F31B42E18D007A54CE = {
			isa = PBXGroup;
			children = (
				881A171E1B45882E007AE66A /* Resources */,
				8895A8FE1B42E18D007A54CE /* SpaceShooter */,
				160FC6D01B53917200C55206 /* Frameworks */,
				8895A8FD1B42E18D007A54CE /* Products */,
			);
			sourceTree = "<group>";
		};
		8895A8FD1B42E18D007A54CE /* Products */ = {
			isa = PBXGroup;
			children = (
				8895A8FC1B42E18D007A54CE /* SpaceShooter.app */,
			);
			name = Products;
			sourceTree = "<group>";
		};
		8895A8FE1B42E18D007A54CE /* SpaceShooter */ = {
			isa = PBXGroup;
			children = (
				8895A9111B42E18D007A54CE /* Images.xcassets */,
				8895A9131B42E18D007A54CE /* LaunchScreen.xib */,
				8895A8FF1B42E18D007A54CE /* Supporting Files */,
				889DAE581B4B02140041D0D7 /* Common.h */,
				889DAE591B4B02140041D0D7 /* Common.m */,
				8895A9031B42E18D007A54CE /* AppDelegate.h */,
				8895A9041B42E18D007A54CE /* AppDelegate.m */,
				8895A90B1B42E18D007A54CE /* GameViewController.h */,
				8895A90C1B42E18D007A54CE /* GameViewController.m */,
				1645EA921B5A559F0085091E /* PowerUpViewController.h */,
				1645EA931B5A559F0085091E /* PowerUpViewController.m */,
				1645EA951B5A57000085091E /* ShopViewController.h */,
				1645EA961B5A57000085091E /* ShopViewController.m */,
				8895A90E1B42E18D007A54CE /* Main.storyboard */,
				1645EA7F1B5A26A40085091E /* DataController */,
				884982E81B4EBFDF00C5EBB9 /* GameControllerView */,
				884982EC1B4EBFE800C5EBB9 /* GameScene */,
				884982F81B4EC6B200C5EBB9 /* Enemies */,
			);
			path = SpaceShooter;
			sourceTree = "<group>";
		};
		8895A8FF1B42E18D007A54CE /* Supporting Files */ = {
			isa = PBXGroup;
			children = (
				160FC6DC1B539BFA00C55206 /* Info.plist */,
				8895A9011B42E18D007A54CE /* main.m */,
				160FC6E21B539CF300C55206 /* InfoPlist.strings */,
			);
			name = "Supporting Files";
			sourceTree = "<group>";
		};
/* End PBXGroup section */

/* Begin PBXNativeTarget section */
		8895A8FB1B42E18D007A54CE /* SpaceShooter */ = {
			isa = PBXNativeTarget;
			buildConfigurationList = 8895A9241B42E18D007A54CE /* Build configuration list for PBXNativeTarget "SpaceShooter" */;
			buildPhases = (
				8895A8F81B42E18D007A54CE /* Sources */,
				8895A8F91B42E18D007A54CE /* Frameworks */,
				8895A8FA1B42E18D007A54CE /* Resources */,
			);
			buildRules = (
			);
			dependencies = (
			);
			name = SpaceShooter;
			productName = SpaceShooter;
			productReference = 8895A8FC1B42E18D007A54CE /* SpaceShooter.app */;
			productType = "com.apple.product-type.application";
		};
/* End PBXNativeTarget section */

/* Begin PBXProject section */
		8895A8F41B42E18D007A54CE /* Project object */ = {
			isa = PBXProject;
			attributes = {
				LastUpgradeCheck = 0630;
				ORGANIZATIONNAME = WuDongyang;
				TargetAttributes = {
					8895A8FB1B42E18D007A54CE = {
						CreatedOnToolsVersion = 6.3.1;
						DevelopmentTeam = 4FEKPDRR85;
						SystemCapabilities = {
							com.apple.GameCenter = {
								enabled = 1;
							};
						};
					};
				};
			};
			buildConfigurationList = 8895A8F71B42E18D007A54CE /* Build configuration list for PBXProject "SpaceShooter" */;
			compatibilityVersion = "Xcode 3.2";
			developmentRegion = English;
			hasScannedForEncodings = 0;
			knownRegions = (
				Base,
				"zh-Hans",
			);
			mainGroup = 8895A8F31B42E18D007A54CE;
			productRefGroup = 8895A8FD1B42E18D007A54CE /* Products */;
			projectDirPath = "";
			projectRoot = "";
			targets = (
				8895A8FB1B42E18D007A54CE /* SpaceShooter */,
			);
		};
/* End PBXProject section */

/* Begin PBXResourcesBuildPhase section */
		8895A8FA1B42E18D007A54CE /* Resources */ = {
			isa = PBXResourcesBuildPhase;
			buildActionMask = 2147483647;
			files = (
				889DAE5E1B4B063A0041D0D7 /* spark.png in Resources */,
				8895A9151B42E18D007A54CE /* LaunchScreen.xib in Resources */,
				16EAD7701B50FBA60057390E /* star5E.png in Resources */,
				16DDC9381B5BC8B400331CC0 /* powerUp2_n.png in Resources */,
				16EAD7671B50FBA60057390E /* 5side.png in Resources */,
				8833851D1B56D02E00BC5358 /* new.png in Resources */,
				883385311B56D07300BC5358 /* resume.png in Resources */,
				16EAD76D1B50FBA60057390E /* circle.png in Resources */,
				881BDEE61B52CDCC00B74D9B /* BlackHole.sks in Resources */,
				16DDC9401B5BC8B400331CC0 /* powerUp6_n.png in Resources */,
				16EAD76F1B50FBA60057390E /* star3R.png in Resources */,
				16E350FD1B5CF38C00FAC9DD /* closeBtn.png in Resources */,
				8833852D1B56D06F00BC5358 /* ranking.png in Resources */,
				169FFD011B595450006147B7 /* EnemyShaer.fsh in Resources */,
				16DDC9391B5BC8B400331CC0 /* powerUp3.png in Resources */,
				16EAD7721B50FBA60057390E /* star5S.png in Resources */,
				16DDC9441B5BC8B400331CC0 /* powerUp8_n.png in Resources */,
				16DDC93D1B5BC8B400331CC0 /* powerUp5.png in Resources */,
				8833851F1B56D02E00BC5358 /* playerIcon.png in Resources */,
				16DDC9431B5BC8B400331CC0 /* powerUp8.png in Resources */,
				16EAD76B1B50FBA60057390E /* box.png in Resources */,
				8833851E1B56D02E00BC5358 /* pauseBtn.png in Resources */,
				168F66131B5E40E900703890 /* shop_2.png in Resources */,
				169FFCFF1B58FFBA006147B7 /* BackgroundShaer2.fsh in Resources */,
				8895A9121B42E18D007A54CE /* Images.xcassets in Resources */,
				884982F31B4EBFE800C5EBB9 /* GameScene.sks in Resources */,
				16EAD7691B50FBA60057390E /* arrow.png in Resources */,
				16DDC93C1B5BC8B400331CC0 /* powerUp4_n.png in Resources */,
				88CE0BDA1B5EB4DD001CE3E4 /* designedImage.png in Resources */,
				16DDC93F1B5BC8B400331CC0 /* powerUp6.png in Resources */,
				16EAD7741B50FBA60057390E /* triangle.png in Resources */,
				889DAE571B47BB8E0041D0D7 /* fire.png in Resources */,
				16DDC93E1B5BC8B400331CC0 /* powerUp5_n.png in Resources */,
				16EAD76E1B50FBA60057390E /* flower.png in Resources */,
				16EAD76C1B50FBA60057390E /* box2.png in Resources */,
				88CE0BDB1B5EB4DD001CE3E4 /* fairyImage.png in Resources */,
				169FFCFD1B58F4F8006147B7 /* BackgroundShaer.fsh in Resources */,
				8833853E1B56EAD100BC5358 /* star.png in Resources */,
				168F66121B5E40E900703890 /* shop_1.png in Resources */,
				168F66141B5E40E900703890 /* shop_3.png in Resources */,
				16E351021B5D18B200FAC9DD /* powerUpBuy.png in Resources */,
				889DAE541B4797EF0041D0D7 /* light1.sks in Resources */,
				16E350FF1B5D054400FAC9DD /* starYellow.png in Resources */,
				16DDC9351B5BC8B400331CC0 /* powerUp1.png in Resources */,
				168F66151B5E40E900703890 /* shop_4.png in Resources */,
				16EAD7711B50FBA60057390E /* star5R.png in Resources */,
				160FC6F31B53E44E00C55206 /* InfoPlist.strings in Resources */,
				883385251B56D04300BC5358 /* home.png in Resources */,
				883385391B56D07D00BC5358 /* start.png in Resources */,
				16BCF4F31B60CE9F00B3CB36 /* GuideHand.png in Resources */,
				16DDC9421B5BC8B400331CC0 /* powerUp7_n.png in Resources */,
				16DDC9411B5BC8B400331CC0 /* powerUp7.png in Resources */,
				881A17221B45882E007AE66A /* ControllerCircle_backCircle.png in Resources */,
				16EAD7681B50FBA60057390E /* 6side.png in Resources */,
				16EAD76A1B50FBA60057390E /* blackHole.png in Resources */,
				883385291B56D06900BC5358 /* powerup.png in Resources */,
				16DDC9371B5BC8B400331CC0 /* powerUp2.png in Resources */,
				16EAD77D1B510CAE0057390E /* EnemyPiece.png in Resources */,
				168F66161B5E40E900703890 /* shop_5.png in Resources */,
				881A17211B45882E007AE66A /* ControllerCircle_arrowCircle.png in Resources */,
				883385351B56D07800BC5358 /* shop.png in Resources */,
				889DAE511B4797BE0041D0D7 /* playerLight.png in Resources */,
				889DAE5D1B4B063A0041D0D7 /* BulletFlash.sks in Resources */,
				883A8C9B1B5825CC00EB49B1 /* HomeBackEffect.sks in Resources */,
				1645EA8B1B5A30DB0085091E /* Localizable.strings in Resources */,
				16EAD7731B50FBA60057390E /* star8.png in Resources */,
				16DDC9361B5BC8B400331CC0 /* powerUp1_n.png in Resources */,
				881BDEEB1B54349D00B74D9B /* Bomb.png in Resources */,
				16DDC93A1B5BC8B400331CC0 /* powerUp3_n.png in Resources */,
				16DDC93B1B5BC8B400331CC0 /* powerUp4.png in Resources */,
				16EAD77A1B510B3A0057390E /* EnemyExplode.sks in Resources */,
				8895A9101B42E18D007A54CE /* Main.storyboard in Resources */,
			);
			runOnlyForDeploymentPostprocessing = 0;
		};
/* End PBXResourcesBuildPhase section */

/* Begin PBXSourcesBuildPhase section */
		8895A8F81B42E18D007A54CE /* Sources */ = {
			isa = PBXSourcesBuildPhase;
			buildActionMask = 2147483647;
			files = (
				881BDEE91B52F77D00B74D9B /* Enemy_Black.m in Sources */,
				8895A90D1B42E18D007A54CE /* GameViewController.m in Sources */,
				884982F71B4EC3FD00C5EBB9 /* SpawnController.m in Sources */,
				8895A9051B42E18D007A54CE /* AppDelegate.m in Sources */,
				16BD162E1B5233BA00932BF1 /* Enemy_Arrow.m in Sources */,
				888205C31B60343E006B47FA /* Enemy_Sakura.m in Sources */,
				884982F41B4EBFE800C5EBB9 /* PlayerSprite.m in Sources */,
				1645EA941B5A559F0085091E /* PowerUpViewController.m in Sources */,
				884982EB1B4EBFDF00C5EBB9 /* GameControllerView.m in Sources */,
				888205C01B601735006B47FA /* Enemy_3star.m in Sources */,
				8895A9021B42E18D007A54CE /* main.m in Sources */,
				16EAD7801B5137470057390E /* Enemy_5Side.m in Sources */,
				884982F21B4EBFE800C5EBB9 /* GameScene.m in Sources */,
				16EAD7581B50FB7F0057390E /* Enemy_Box.m in Sources */,
				881BDEDE1B52BF8D00B74D9B /* BlackHole.m in Sources */,
				16EAD7771B50FD2C0057390E /* Enemy_Circle.m in Sources */,
				1645EA971B5A57000085091E /* ShopViewController.m in Sources */,
				889DAE5A1B4B02140041D0D7 /* Common.m in Sources */,
				1645EA851B5A26BF0085091E /* PowerUpConfigManager.m in Sources */,
				884983011B4EDAA200C5EBB9 /* Enemy_Triangle.m in Sources */,
				884982FB1B4ECAA200C5EBB9 /* EnemyBase.m in Sources */,
				1645EA821B5A26A40085091E /* DataController.m in Sources */,
				1645EA911B5A412F0085091E /* UserData.m in Sources */,
				1645EA881B5A2AB00085091E /* UserModel.xcdatamodeld in Sources */,
			);
			runOnlyForDeploymentPostprocessing = 0;
		};
/* End PBXSourcesBuildPhase section */

/* Begin PBXVariantGroup section */
		160FC6E21B539CF300C55206 /* InfoPlist.strings */ = {
			isa = PBXVariantGroup;
			children = (
				160FC6E11B539CF300C55206 /* Base */,
				160FC6E31B539CF600C55206 /* zh-Hans */,
			);
			name = InfoPlist.strings;
			sourceTree = "<group>";
		};
		1645EA8D1B5A30DB0085091E /* Localizable.strings */ = {
			isa = PBXVariantGroup;
			children = (
				1645EA8C1B5A30DB0085091E /* Base */,
				1645EA8E1B5A30DD0085091E /* zh-Hans */,
			);
			name = Localizable.strings;
			sourceTree = "<group>";
		};
		16E351001B5D18B200FAC9DD /* powerUpBuy.png */ = {
			isa = PBXVariantGroup;
			children = (
				16E351011B5D18B200FAC9DD /* Base */,
				16E351031B5D18BB00FAC9DD /* zh-Hans */,
			);
			name = powerUpBuy.png;
			sourceTree = "<group>";
		};
		883385271B56D04300BC5358 /* home.png */ = {
			isa = PBXVariantGroup;
			children = (
				883385261B56D04300BC5358 /* Base */,
				883385281B56D04600BC5358 /* zh-Hans */,
			);
			name = home.png;
			sourceTree = "<group>";
		};
		8833852B1B56D06900BC5358 /* powerup.png */ = {
			isa = PBXVariantGroup;
			children = (
				8833852A1B56D06900BC5358 /* Base */,
				8833852C1B56D06A00BC5358 /* zh-Hans */,
			);
			name = powerup.png;
			sourceTree = "<group>";
		};
		8833852F1B56D06F00BC5358 /* ranking.png */ = {
			isa = PBXVariantGroup;
			children = (
				8833852E1B56D06F00BC5358 /* Base */,
				883385301B56D07000BC5358 /* zh-Hans */,
			);
			name = ranking.png;
			sourceTree = "<group>";
		};
		883385331B56D07300BC5358 /* resume.png */ = {
			isa = PBXVariantGroup;
			children = (
				883385321B56D07300BC5358 /* Base */,
				883385341B56D07500BC5358 /* zh-Hans */,
			);
			name = resume.png;
			sourceTree = "<group>";
		};
		883385371B56D07800BC5358 /* shop.png */ = {
			isa = PBXVariantGroup;
			children = (
				883385361B56D07800BC5358 /* Base */,
				883385381B56D07A00BC5358 /* zh-Hans */,
			);
			name = shop.png;
			sourceTree = "<group>";
		};
		8833853B1B56D07D00BC5358 /* start.png */ = {
			isa = PBXVariantGroup;
			children = (
				8833853A1B56D07D00BC5358 /* Base */,
				8833853C1B56D07E00BC5358 /* zh-Hans */,
			);
			name = start.png;
			sourceTree = "<group>";
		};
		8895A90E1B42E18D007A54CE /* Main.storyboard */ = {
			isa = PBXVariantGroup;
			children = (
				8895A90F1B42E18D007A54CE /* Base */,
			);
			name = Main.storyboard;
			sourceTree = "<group>";
		};
		8895A9131B42E18D007A54CE /* LaunchScreen.xib */ = {
			isa = PBXVariantGroup;
			children = (
				8895A9141B42E18D007A54CE /* Base */,
			);
			name = LaunchScreen.xib;
			sourceTree = "<group>";
		};
/* End PBXVariantGroup section */

/* Begin XCBuildConfiguration section */
		8895A9221B42E18D007A54CE /* Debug */ = {
			isa = XCBuildConfiguration;
			buildSettings = {
				ALWAYS_SEARCH_USER_PATHS = NO;
				CLANG_CXX_LANGUAGE_STANDARD = "gnu++0x";
				CLANG_CXX_LIBRARY = "libc++";
				CLANG_ENABLE_MODULES = YES;
				CLANG_ENABLE_OBJC_ARC = YES;
				CLANG_WARN_BOOL_CONVERSION = YES;
				CLANG_WARN_CONSTANT_CONVERSION = YES;
				CLANG_WARN_DIRECT_OBJC_ISA_USAGE = YES_ERROR;
				CLANG_WARN_EMPTY_BODY = YES;
				CLANG_WARN_ENUM_CONVERSION = YES;
				CLANG_WARN_INT_CONVERSION = YES;
				CLANG_WARN_OBJC_ROOT_CLASS = YES_ERROR;
				CLANG_WARN_UNREACHABLE_CODE = YES;
				CLANG_WARN__DUPLICATE_METHOD_MATCH = YES;
				"CODE_SIGN_IDENTITY[sdk=iphoneos*]" = "iPhone Developer";
				COPY_PHASE_STRIP = NO;
				DEBUG_INFORMATION_FORMAT = "dwarf-with-dsym";
				ENABLE_STRICT_OBJC_MSGSEND = YES;
				GCC_C_LANGUAGE_STANDARD = gnu99;
				GCC_DYNAMIC_NO_PIC = NO;
				GCC_NO_COMMON_BLOCKS = YES;
				GCC_OPTIMIZATION_LEVEL = 0;
				GCC_PREPROCESSOR_DEFINITIONS = (
					"DEBUG=1",
					"$(inherited)",
				);
				GCC_SYMBOLS_PRIVATE_EXTERN = NO;
				GCC_WARN_64_TO_32_BIT_CONVERSION = YES;
				GCC_WARN_ABOUT_RETURN_TYPE = YES_ERROR;
				GCC_WARN_UNDECLARED_SELECTOR = YES;
				GCC_WARN_UNINITIALIZED_AUTOS = YES_AGGRESSIVE;
				GCC_WARN_UNUSED_FUNCTION = YES;
				GCC_WARN_UNUSED_VARIABLE = YES;
				IPHONEOS_DEPLOYMENT_TARGET = 8.0;
				MTL_ENABLE_DEBUG_INFO = YES;
				ONLY_ACTIVE_ARCH = YES;
				SDKROOT = iphoneos;
				TARGETED_DEVICE_FAMILY = "1,2";
			};
			name = Debug;
		};
		8895A9231B42E18D007A54CE /* Release */ = {
			isa = XCBuildConfiguration;
			buildSettings = {
				ALWAYS_SEARCH_USER_PATHS = NO;
				CLANG_CXX_LANGUAGE_STANDARD = "gnu++0x";
				CLANG_CXX_LIBRARY = "libc++";
				CLANG_ENABLE_MODULES = YES;
				CLANG_ENABLE_OBJC_ARC = YES;
				CLANG_WARN_BOOL_CONVERSION = YES;
				CLANG_WARN_CONSTANT_CONVERSION = YES;
				CLANG_WARN_DIRECT_OBJC_ISA_USAGE = YES_ERROR;
				CLANG_WARN_EMPTY_BODY = YES;
				CLANG_WARN_ENUM_CONVERSION = YES;
				CLANG_WARN_INT_CONVERSION = YES;
				CLANG_WARN_OBJC_ROOT_CLASS = YES_ERROR;
				CLANG_WARN_UNREACHABLE_CODE = YES;
				CLANG_WARN__DUPLICATE_METHOD_MATCH = YES;
				"CODE_SIGN_IDENTITY[sdk=iphoneos*]" = "iPhone Developer";
				COPY_PHASE_STRIP = NO;
				DEBUG_INFORMATION_FORMAT = "dwarf-with-dsym";
				ENABLE_NS_ASSERTIONS = NO;
				ENABLE_STRICT_OBJC_MSGSEND = YES;
				GCC_C_LANGUAGE_STANDARD = gnu99;
				GCC_NO_COMMON_BLOCKS = YES;
				GCC_WARN_64_TO_32_BIT_CONVERSION = YES;
				GCC_WARN_ABOUT_RETURN_TYPE = YES_ERROR;
				GCC_WARN_UNDECLARED_SELECTOR = YES;
				GCC_WARN_UNINITIALIZED_AUTOS = YES_AGGRESSIVE;
				GCC_WARN_UNUSED_FUNCTION = YES;
				GCC_WARN_UNUSED_VARIABLE = YES;
				IPHONEOS_DEPLOYMENT_TARGET = 8.0;
				MTL_ENABLE_DEBUG_INFO = NO;
				SDKROOT = iphoneos;
				TARGETED_DEVICE_FAMILY = "1,2";
				VALIDATE_PRODUCT = YES;
			};
			name = Release;
		};
		8895A9251B42E18D007A54CE /* Debug */ = {
			isa = XCBuildConfiguration;
			buildSettings = {
				ASSETCATALOG_COMPILER_APPICON_NAME = AppIcon;
				CODE_SIGN_IDENTITY = "iPhone Developer";
				"CODE_SIGN_IDENTITY[sdk=iphoneos*]" = "iPhone Developer: Dongyang Wu (5GBX6K6X6L)";
				INFOPLIST_FILE = "$(SRCROOT)/SpaceShooter/Info.plist";
				LD_RUNPATH_SEARCH_PATHS = "$(inherited) @executable_path/Frameworks";
				PRODUCT_NAME = "$(TARGET_NAME)";
				PROVISIONING_PROFILE = "726e6298-4b2b-4d18-ad5f-ae5070379966";
				TARGETED_DEVICE_FAMILY = "1,2";
			};
			name = Debug;
		};
		8895A9261B42E18D007A54CE /* Release */ = {
			isa = XCBuildConfiguration;
			buildSettings = {
				ASSETCATALOG_COMPILER_APPICON_NAME = AppIcon;
				CODE_SIGN_IDENTITY = "iPhone Developer";
				"CODE_SIGN_IDENTITY[sdk=iphoneos*]" = "iPhone Distribution: Dongyang Wu (4FEKPDRR85)";
				INFOPLIST_FILE = "$(SRCROOT)/SpaceShooter/Info.plist";
				LD_RUNPATH_SEARCH_PATHS = "$(inherited) @executable_path/Frameworks";
				PRODUCT_NAME = "$(TARGET_NAME)";
				PROVISIONING_PROFILE = "4e187912-2160-4811-bd28-ba97baeef9fd";
				TARGETED_DEVICE_FAMILY = "1,2";
			};
			name = Release;
		};
/* End XCBuildConfiguration section */

/* Begin XCConfigurationList section */
		8895A8F71B42E18D007A54CE /* Build configuration list for PBXProject "SpaceShooter" */ = {
			isa = XCConfigurationList;
			buildConfigurations = (
				8895A9221B42E18D007A54CE /* Debug */,
				8895A9231B42E18D007A54CE /* Release */,
			);
			defaultConfigurationIsVisible = 0;
			defaultConfigurationName = Release;
		};
		8895A9241B42E18D007A54CE /* Build configuration list for PBXNativeTarget "SpaceShooter" */ = {
			isa = XCConfigurationList;
			buildConfigurations = (
				8895A9251B42E18D007A54CE /* Debug */,
				8895A9261B42E18D007A54CE /* Release */,
			);
			defaultConfigurationIsVisible = 0;
			defaultConfigurationName = Release;
		};
/* End XCConfigurationList section */

/* Begin XCVersionGroup section */
		1645EA861B5A2AB00085091E /* UserModel.xcdatamodeld */ = {
			isa = XCVersionGroup;
			children = (
				1645EA871B5A2AB00085091E /* UserModel.xcdatamodel */,
			);
			currentVersion = 1645EA871B5A2AB00085091E /* UserModel.xcdatamodel */;
			path = UserModel.xcdatamodeld;
			sourceTree = "<group>";
			versionGroupType = wrapper.xcdatamodel;
		};
/* End XCVersionGroup section */
	};
	rootObject = 8895A8F41B42E18D007A54CE /* Project object */;
}
